
Microsoft Visual Studio Solution File, Format Version 12.00
# Visual Studio Version 17
VisualStudioVersion = 17.11.35312.102
MinimumVisualStudioVersion = 10.0.40219.1
Project("{FAE04EC0-301F-11D3-BF4B-00C04F79EFBC}") = "FabryExanProjectTesting", "FabryExanProjectTesting\FabryExanProjectTesting.csproj", "{D9A6F8EF-68AD-451D-AC6B-D931CFFAD34D}"
EndProject
Project("{FAE04EC0-301F-11D3-BF4B-00C04F79EFBC}") = "TestProject", "TestProject\TestProject.csproj", "{3BDBBD05-215A-48E0-A151-9A61BD02F9ED}"
	ProjectSection(ProjectDependencies) = postProject
		{D9A6F8EF-68AD-451D-AC6B-D931CFFAD34D} = {D9A6F8EF-68AD-451D-AC6B-D931CFFAD34D}
	EndProjectSection
EndProject
Global
	GlobalSection(SolutionConfigurationPlatforms) = preSolution
		Debug|Any CPU = Debug|Any CPU
		Release|Any CPU = Release|Any CPU
	EndGlobalSection
	GlobalSection(ProjectConfigurationPlatforms) = postSolution
		{D9A6F8EF-68AD-451D-AC6B-D931CFFAD34D}.Debug|Any CPU.ActiveCfg = Debug|Any CPU
		{D9A6F8EF-68AD-451D-AC6B-D931CFFAD34D}.Debug|Any CPU.Build.0 = Debug|Any CPU
		{D9A6F8EF-68AD-451D-AC6B-D931CFFAD34D}.Release|Any CPU.ActiveCfg = Release|Any CPU
		{D9A6F8EF-68AD-451D-AC6B-D931CFFAD34D}.Release|Any CPU.Build.0 = Release|Any CPU
		{3BDBBD05-215A-48E0-A151-9A61BD02F9ED}.Debug|Any CPU.ActiveCfg = Debug|Any CPU
		{3BDBBD05-215A-48E0-A151-9A61BD02F9ED}.Debug|Any CPU.Build.0 = Debug|Any CPU
		{3BDBBD05-215A-48E0-A151-9A61BD02F9ED}.Release|Any CPU.ActiveCfg = Release|Any CPU
		{3BDBBD05-215A-48E0-A151-9A61BD02F9ED}.Release|Any CPU.Build.0 = Release|Any CPU
	EndGlobalSection
	GlobalSection(SolutionProperties) = preSolution
		HideSolutionNode = FALSE
	EndGlobalSection
	GlobalSection(ExtensibilityGlobals) = postSolution
		SolutionGuid = {B20FEF31-FA7F-4531-94B2-A8FE878CA71B}
	EndGlobalSection
EndGlobal
